
Microsoft Visual Studio Solution File, Format Version 12.00
# Visual Studio Version 17
VisualStudioVersion = 17.8.34309.116
MinimumVisualStudioVersion = 10.0.40219.1
Project("{9A19103F-16F7-4668-BE54-9A1E7A4F7556}") = "CamusDb.SqlSh", "CamusDb.SqlSh.csproj", "{1F9C8D88-DE73-44D8-8FCA-EF4AB2164962}"
EndProject
Project("{9A19103F-16F7-4668-BE54-9A1E7A4F7556}") = "RadLine", "..\Radline\RadLine\RadLine.csproj", "{B5DF40D3-AD2F-4623-810E-E01F38BA05D0}"
EndProject
Global
	GlobalSection(SolutionConfigurationPlatforms) = preSolution
		Debug|Any CPU = Debug|Any CPU
		Release|Any CPU = Release|Any CPU
	EndGlobalSection
	GlobalSection(ProjectConfigurationPlatforms) = postSolution
		{1F9C8D88-DE73-44D8-8FCA-EF4AB2164962}.Debug|Any CPU.ActiveCfg = Debug|Any CPU
		{1F9C8D88-DE73-44D8-8FCA-EF4AB2164962}.Debug|Any CPU.Build.0 = Debug|Any CPU
		{1F9C8D88-DE73-44D8-8FCA-EF4AB2164962}.Release|Any CPU.ActiveCfg = Release|Any CPU
		{1F9C8D88-DE73-44D8-8FCA-EF4AB2164962}.Release|Any CPU.Build.0 = Release|Any CPU
		{B5DF40D3-AD2F-4623-810E-E01F38BA05D0}.Debug|Any CPU.ActiveCfg = Debug|Any CPU
		{B5DF40D3-AD2F-4623-810E-E01F38BA05D0}.Debug|Any CPU.Build.0 = Debug|Any CPU
		{B5DF40D3-AD2F-4623-810E-E01F38BA05D0}.Release|Any CPU.ActiveCfg = Release|Any CPU
		{B5DF40D3-AD2F-4623-810E-E01F38BA05D0}.Release|Any CPU.Build.0 = Release|Any CPU
	EndGlobalSection
	GlobalSection(SolutionProperties) = preSolution
		HideSolutionNode = FALSE
	EndGlobalSection
	GlobalSection(ExtensibilityGlobals) = postSolution
		SolutionGuid = {B4B351CB-8E7D-42D6-B207-61864C5C3BA7}
	EndGlobalSection
EndGlobal
